
Microsoft Visual Studio Solution File, Format Version 12.00
# Visual Studio Version 17
VisualStudioVersion = 17.4.33205.214
MinimumVisualStudioVersion = 10.0.40219.1
Project("{9A19103F-16F7-4668-BE54-9A1E7A4F7556}") = "ConsoleProgramming", "ConsoleProgramming\ConsoleProgramming.csproj", "{A6A68AD7-223A-4900-B334-BA9A2B449A95}"
EndProject
Project("{9A19103F-16F7-4668-BE54-9A1E7A4F7556}") = "BasicSyntax", "BasicSyntax\BasicSyntax.csproj", "{02F6AAB1-B225-4E8D-8E28-655706C2C0A3}"
EndProject
Project("{9A19103F-16F7-4668-BE54-9A1E7A4F7556}") = "HelloWorld", "HelloWorld\HelloWorld.csproj", "{18BCFF42-F7B9-4399-A41D-D1B29552B110}"
EndProject
Project("{9A19103F-16F7-4668-BE54-9A1E7A4F7556}") = "MathematicOperators", "MathematicOperators\MathematicOperators.csproj", "{4BE88179-4906-4C98-82DE-4FF308C8877D}"
EndProject
Project("{9A19103F-16F7-4668-BE54-9A1E7A4F7556}") = "ConditionalOperators", "ConditionalOperators\ConditionalOperators.csproj", "{74AA5BDE-9CB5-4CE6-A4BC-4783F887221E}"
EndProject
Project("{9A19103F-16F7-4668-BE54-9A1E7A4F7556}") = "RepetitionStatements", "RepetitionStatements\RepetitionStatements.csproj", "{3CB46A54-FA7E-40C0-B151-43D6DDC8A9A4}"
EndProject
Project("{9A19103F-16F7-4668-BE54-9A1E7A4F7556}") = "Day1 Assignments", "Day1 Assignments\Day1 Assignments.csproj", "{2AB56AD5-E098-4354-8EF4-0FF9DE905A3B}"
EndProject
Project("{9A19103F-16F7-4668-BE54-9A1E7A4F7556}") = "AdvancedConstructs", "AdvancedConstructs\AdvancedConstructs.csproj", "{628377B6-1F3D-4D1C-A6E7-E83B3BF7DC82}"
EndProject
Project("{9A19103F-16F7-4668-BE54-9A1E7A4F7556}") = "DateTimeFunctions", "DateTimeFunctions\DateTimeFunctions.csproj", "{03BF0B82-69B5-49EF-BB60-3EE2B88C472F}"
EndProject
Project("{9A19103F-16F7-4668-BE54-9A1E7A4F7556}") = "ArraysLists", "ArraysLists\ArraysLists.csproj", "{3C0BA911-5DDE-46B8-B677-9759DD0107D6}"
EndProject
Project("{9A19103F-16F7-4668-BE54-9A1E7A4F7556}") = "Day2-Assignment", "Day2-Assignment\Day2-Assignment.csproj", "{8E40335D-12F5-41CB-A729-0DE8F0C0D417}"
EndProject
Project("{FAE04EC0-301F-11D3-BF4B-00C04F79EFBC}") = "OOPConcepts", "OOPConcepts\OOPConcepts.csproj", "{EF962EBC-D932-44D0-8522-41D85F4CF05F}"
EndProject
Project("{FAE04EC0-301F-11D3-BF4B-00C04F79EFBC}") = "Day3AssignmentContacts", "Day3Assignments\Day3AssignmentContacts.csproj", "{2BB7E2D0-9628-49D0-8D72-2ED79BB69DE7}"
EndProject
Project("{FAE04EC0-301F-11D3-BF4B-00C04F79EFBC}") = "Day3ShoppingCart", "Day3ShoppingCart\Day3ShoppingCart.csproj", "{F82E93BE-F931-4E42-9EE6-09AE8D6F9D44}"
EndProject
Project("{FAE04EC0-301F-11D3-BF4B-00C04F79EFBC}") = "Assignment_FrenchDeck", "Assignment_FrenchDeck\Assignment_FrenchDeck.csproj", "{1F5D8901-C7C3-406A-8586-E8DCF6083475}"
EndProject
Project("{FAE04EC0-301F-11D3-BF4B-00C04F79EFBC}") = "Assignment_Balance", "Assignment_Balance\Assignment_Balance.csproj", "{9E3676FA-7A77-46A6-B112-C9C6612BD37F}"
EndProject
Global
	GlobalSection(SolutionConfigurationPlatforms) = preSolution
		Debug|Any CPU = Debug|Any CPU
		Release|Any CPU = Release|Any CPU
	EndGlobalSection
	GlobalSection(ProjectConfigurationPlatforms) = postSolution
		{A6A68AD7-223A-4900-B334-BA9A2B449A95}.Debug|Any CPU.ActiveCfg = Debug|Any CPU
		{A6A68AD7-223A-4900-B334-BA9A2B449A95}.Debug|Any CPU.Build.0 = Debug|Any CPU
		{A6A68AD7-223A-4900-B334-BA9A2B449A95}.Release|Any CPU.ActiveCfg = Release|Any CPU
		{A6A68AD7-223A-4900-B334-BA9A2B449A95}.Release|Any CPU.Build.0 = Release|Any CPU
		{02F6AAB1-B225-4E8D-8E28-655706C2C0A3}.Debug|Any CPU.ActiveCfg = Debug|Any CPU
		{02F6AAB1-B225-4E8D-8E28-655706C2C0A3}.Debug|Any CPU.Build.0 = Debug|Any CPU
		{02F6AAB1-B225-4E8D-8E28-655706C2C0A3}.Release|Any CPU.ActiveCfg = Release|Any CPU
		{02F6AAB1-B225-4E8D-8E28-655706C2C0A3}.Release|Any CPU.Build.0 = Release|Any CPU
		{18BCFF42-F7B9-4399-A41D-D1B29552B110}.Debug|Any CPU.ActiveCfg = Debug|Any CPU
		{18BCFF42-F7B9-4399-A41D-D1B29552B110}.Debug|Any CPU.Build.0 = Debug|Any CPU
		{18BCFF42-F7B9-4399-A41D-D1B29552B110}.Release|Any CPU.ActiveCfg = Release|Any CPU
		{18BCFF42-F7B9-4399-A41D-D1B29552B110}.Release|Any CPU.Build.0 = Release|Any CPU
		{4BE88179-4906-4C98-82DE-4FF308C8877D}.Debug|Any CPU.ActiveCfg = Debug|Any CPU
		{4BE88179-4906-4C98-82DE-4FF308C8877D}.Debug|Any CPU.Build.0 = Debug|Any CPU
		{4BE88179-4906-4C98-82DE-4FF308C8877D}.Release|Any CPU.ActiveCfg = Release|Any CPU
		{4BE88179-4906-4C98-82DE-4FF308C8877D}.Release|Any CPU.Build.0 = Release|Any CPU
		{74AA5BDE-9CB5-4CE6-A4BC-4783F887221E}.Debug|Any CPU.ActiveCfg = Debug|Any CPU
		{74AA5BDE-9CB5-4CE6-A4BC-4783F887221E}.Debug|Any CPU.Build.0 = Debug|Any CPU
		{74AA5BDE-9CB5-4CE6-A4BC-4783F887221E}.Release|Any CPU.ActiveCfg = Release|Any CPU
		{74AA5BDE-9CB5-4CE6-A4BC-4783F887221E}.Release|Any CPU.Build.0 = Release|Any CPU
		{3CB46A54-FA7E-40C0-B151-43D6DDC8A9A4}.Debug|Any CPU.ActiveCfg = Debug|Any CPU
		{3CB46A54-FA7E-40C0-B151-43D6DDC8A9A4}.Debug|Any CPU.Build.0 = Debug|Any CPU
		{3CB46A54-FA7E-40C0-B151-43D6DDC8A9A4}.Release|Any CPU.ActiveCfg = Release|Any CPU
		{3CB46A54-FA7E-40C0-B151-43D6DDC8A9A4}.Release|Any CPU.Build.0 = Release|Any CPU
		{2AB56AD5-E098-4354-8EF4-0FF9DE905A3B}.Debug|Any CPU.ActiveCfg = Debug|Any CPU
		{2AB56AD5-E098-4354-8EF4-0FF9DE905A3B}.Debug|Any CPU.Build.0 = Debug|Any CPU
		{2AB56AD5-E098-4354-8EF4-0FF9DE905A3B}.Release|Any CPU.ActiveCfg = Release|Any CPU
		{2AB56AD5-E098-4354-8EF4-0FF9DE905A3B}.Release|Any CPU.Build.0 = Release|Any CPU
		{628377B6-1F3D-4D1C-A6E7-E83B3BF7DC82}.Debug|Any CPU.ActiveCfg = Debug|Any CPU
		{628377B6-1F3D-4D1C-A6E7-E83B3BF7DC82}.Debug|Any CPU.Build.0 = Debug|Any CPU
		{628377B6-1F3D-4D1C-A6E7-E83B3BF7DC82}.Release|Any CPU.ActiveCfg = Release|Any CPU
		{628377B6-1F3D-4D1C-A6E7-E83B3BF7DC82}.Release|Any CPU.Build.0 = Release|Any CPU
		{03BF0B82-69B5-49EF-BB60-3EE2B88C472F}.Debug|Any CPU.ActiveCfg = Debug|Any CPU
		{03BF0B82-69B5-49EF-BB60-3EE2B88C472F}.Debug|Any CPU.Build.0 = Debug|Any CPU
		{03BF0B82-69B5-49EF-BB60-3EE2B88C472F}.Release|Any CPU.ActiveCfg = Release|Any CPU
		{03BF0B82-69B5-49EF-BB60-3EE2B88C472F}.Release|Any CPU.Build.0 = Release|Any CPU
		{3C0BA911-5DDE-46B8-B677-9759DD0107D6}.Debug|Any CPU.ActiveCfg = Debug|Any CPU
		{3C0BA911-5DDE-46B8-B677-9759DD0107D6}.Debug|Any CPU.Build.0 = Debug|Any CPU
		{3C0BA911-5DDE-46B8-B677-9759DD0107D6}.Release|Any CPU.ActiveCfg = Release|Any CPU
		{3C0BA911-5DDE-46B8-B677-9759DD0107D6}.Release|Any CPU.Build.0 = Release|Any CPU
		{8E40335D-12F5-41CB-A729-0DE8F0C0D417}.Debug|Any CPU.ActiveCfg = Debug|Any CPU
		{8E40335D-12F5-41CB-A729-0DE8F0C0D417}.Debug|Any CPU.Build.0 = Debug|Any CPU
		{8E40335D-12F5-41CB-A729-0DE8F0C0D417}.Release|Any CPU.ActiveCfg = Release|Any CPU
		{8E40335D-12F5-41CB-A729-0DE8F0C0D417}.Release|Any CPU.Build.0 = Release|Any CPU
		{EF962EBC-D932-44D0-8522-41D85F4CF05F}.Debug|Any CPU.ActiveCfg = Debug|Any CPU
		{EF962EBC-D932-44D0-8522-41D85F4CF05F}.Debug|Any CPU.Build.0 = Debug|Any CPU
		{EF962EBC-D932-44D0-8522-41D85F4CF05F}.Release|Any CPU.ActiveCfg = Release|Any CPU
		{EF962EBC-D932-44D0-8522-41D85F4CF05F}.Release|Any CPU.Build.0 = Release|Any CPU
		{2BB7E2D0-9628-49D0-8D72-2ED79BB69DE7}.Debug|Any CPU.ActiveCfg = Debug|Any CPU
		{2BB7E2D0-9628-49D0-8D72-2ED79BB69DE7}.Debug|Any CPU.Build.0 = Debug|Any CPU
		{2BB7E2D0-9628-49D0-8D72-2ED79BB69DE7}.Release|Any CPU.ActiveCfg = Release|Any CPU
		{2BB7E2D0-9628-49D0-8D72-2ED79BB69DE7}.Release|Any CPU.Build.0 = Release|Any CPU
		{F82E93BE-F931-4E42-9EE6-09AE8D6F9D44}.Debug|Any CPU.ActiveCfg = Debug|Any CPU
		{F82E93BE-F931-4E42-9EE6-09AE8D6F9D44}.Debug|Any CPU.Build.0 = Debug|Any CPU
		{F82E93BE-F931-4E42-9EE6-09AE8D6F9D44}.Release|Any CPU.ActiveCfg = Release|Any CPU
		{F82E93BE-F931-4E42-9EE6-09AE8D6F9D44}.Release|Any CPU.Build.0 = Release|Any CPU
		{1F5D8901-C7C3-406A-8586-E8DCF6083475}.Debug|Any CPU.ActiveCfg = Debug|Any CPU
		{1F5D8901-C7C3-406A-8586-E8DCF6083475}.Debug|Any CPU.Build.0 = Debug|Any CPU
		{1F5D8901-C7C3-406A-8586-E8DCF6083475}.Release|Any CPU.ActiveCfg = Release|Any CPU
		{1F5D8901-C7C3-406A-8586-E8DCF6083475}.Release|Any CPU.Build.0 = Release|Any CPU
		{9E3676FA-7A77-46A6-B112-C9C6612BD37F}.Debug|Any CPU.ActiveCfg = Debug|Any CPU
		{9E3676FA-7A77-46A6-B112-C9C6612BD37F}.Debug|Any CPU.Build.0 = Debug|Any CPU
		{9E3676FA-7A77-46A6-B112-C9C6612BD37F}.Release|Any CPU.ActiveCfg = Release|Any CPU
		{9E3676FA-7A77-46A6-B112-C9C6612BD37F}.Release|Any CPU.Build.0 = Release|Any CPU
	EndGlobalSection
	GlobalSection(SolutionProperties) = preSolution
		HideSolutionNode = FALSE
	EndGlobalSection
	GlobalSection(ExtensibilityGlobals) = postSolution
		SolutionGuid = {E9FDD65C-E9A9-40EF-9E9A-C6389041ABD5}
	EndGlobalSection
EndGlobal
